// !$*UTF8*$!
{
	archiveVersion = 1;
	classes = {
	};
	objectVersion = 50;
	objects = {

/* Begin PBXBuildFile section */
		3AF4628D2563199D003226E3 /* AppDelegate.swift in Sources */ = {isa = PBXBuildFile; fileRef = 3AF4628C2563199D003226E3 /* AppDelegate.swift */; };
		3AF4628F2563199D003226E3 /* SceneDelegate.swift in Sources */ = {isa = PBXBuildFile; fileRef = 3AF4628E2563199D003226E3 /* SceneDelegate.swift */; };
		3AF462912563199D003226E3 /* ViewController.swift in Sources */ = {isa = PBXBuildFile; fileRef = 3AF462902563199D003226E3 /* ViewController.swift */; };
		3AF462942563199D003226E3 /* Main.storyboard in Resources */ = {isa = PBXBuildFile; fileRef = 3AF462922563199D003226E3 /* Main.storyboard */; };
		3AF462972563199D003226E3 /* Mars_Mission.xcdatamodeld in Sources */ = {isa = PBXBuildFile; fileRef = 3AF462952563199D003226E3 /* Mars_Mission.xcdatamodeld */; };
		3AF462992563199E003226E3 /* Assets.xcassets in Resources */ = {isa = PBXBuildFile; fileRef = 3AF462982563199E003226E3 /* Assets.xcassets */; };
		3AF4629C2563199E003226E3 /* LaunchScreen.storyboard in Resources */ = {isa = PBXBuildFile; fileRef = 3AF4629A2563199E003226E3 /* LaunchScreen.storyboard */; };
		3AF462A72563199E003226E3 /* Mars_MissionTests.swift in Sources */ = {isa = PBXBuildFile; fileRef = 3AF462A62563199E003226E3 /* Mars_MissionTests.swift */; };
		3AF462B22563199E003226E3 /* Mars_MissionUITests.swift in Sources */ = {isa = PBXBuildFile; fileRef = 3AF462B12563199E003226E3 /* Mars_MissionUITests.swift */; };
		3AF462C4256332F0003226E3 /* Weather.swift in Sources */ = {isa = PBXBuildFile; fileRef = 3AF462C3256332F0003226E3 /* Weather.swift */; };
/* End PBXBuildFile section */

/* Begin PBXContainerItemProxy section */
		3AF462A32563199E003226E3 /* PBXContainerItemProxy */ = {
			isa = PBXContainerItemProxy;
			containerPortal = 3AF462812563199D003226E3 /* Project object */;
			proxyType = 1;
			remoteGlobalIDString = 3AF462882563199D003226E3;
			remoteInfo = "Mars-Mission";
		};
		3AF462AE2563199E003226E3 /* PBXContainerItemProxy */ = {
			isa = PBXContainerItemProxy;
			containerPortal = 3AF462812563199D003226E3 /* Project object */;
			proxyType = 1;
			remoteGlobalIDString = 3AF462882563199D003226E3;
			remoteInfo = "Mars-Mission";
		};
/* End PBXContainerItemProxy section */

/* Begin PBXFileReference section */
		3AF462892563199D003226E3 /* Mars-Mission.app */ = {isa = PBXFileReference; explicitFileType = wrapper.application; includeInIndex = 0; path = "Mars-Mission.app"; sourceTree = BUILT_PRODUCTS_DIR; };
		3AF4628C2563199D003226E3 /* AppDelegate.swift */ = {isa = PBXFileReference; lastKnownFileType = sourcecode.swift; path = AppDelegate.swift; sourceTree = "<group>"; };
		3AF4628E2563199D003226E3 /* SceneDelegate.swift */ = {isa = PBXFileReference; lastKnownFileType = sourcecode.swift; path = SceneDelegate.swift; sourceTree = "<group>"; };
		3AF462902563199D003226E3 /* ViewController.swift */ = {isa = PBXFileReference; lastKnownFileType = sourcecode.swift; path = ViewController.swift; sourceTree = "<group>"; };
		3AF462932563199D003226E3 /* Base */ = {isa = PBXFileReference; lastKnownFileType = file.storyboard; name = Base; path = Base.lproj/Main.storyboard; sourceTree = "<group>"; };
		3AF462962563199D003226E3 /* Mars_Mission.xcdatamodel */ = {isa = PBXFileReference; lastKnownFileType = wrapper.xcdatamodel; path = Mars_Mission.xcdatamodel; sourceTree = "<group>"; };
		3AF462982563199E003226E3 /* Assets.xcassets */ = {isa = PBXFileReference; lastKnownFileType = folder.assetcatalog; path = Assets.xcassets; sourceTree = "<group>"; };
		3AF4629B2563199E003226E3 /* Base */ = {isa = PBXFileReference; lastKnownFileType = file.storyboard; name = Base; path = Base.lproj/LaunchScreen.storyboard; sourceTree = "<group>"; };
		3AF4629D2563199E003226E3 /* Info.plist */ = {isa = PBXFileReference; lastKnownFileType = text.plist.xml; path = Info.plist; sourceTree = "<group>"; };
		3AF462A22563199E003226E3 /* Mars-MissionTests.xctest */ = {isa = PBXFileReference; explicitFileType = wrapper.cfbundle; includeInIndex = 0; path = "Mars-MissionTests.xctest"; sourceTree = BUILT_PRODUCTS_DIR; };
		3AF462A62563199E003226E3 /* Mars_MissionTests.swift */ = {isa = PBXFileReference; lastKnownFileType = sourcecode.swift; path = Mars_MissionTests.swift; sourceTree = "<group>"; };
		3AF462A82563199E003226E3 /* Info.plist */ = {isa = PBXFileReference; lastKnownFileType = text.plist.xml; path = Info.plist; sourceTree = "<group>"; };
		3AF462AD2563199E003226E3 /* Mars-MissionUITests.xctest */ = {isa = PBXFileReference; explicitFileType = wrapper.cfbundle; includeInIndex = 0; path = "Mars-MissionUITests.xctest"; sourceTree = BUILT_PRODUCTS_DIR; };
		3AF462B12563199E003226E3 /* Mars_MissionUITests.swift */ = {isa = PBXFileReference; lastKnownFileType = sourcecode.swift; path = Mars_MissionUITests.swift; sourceTree = "<group>"; };
		3AF462B32563199E003226E3 /* Info.plist */ = {isa = PBXFileReference; lastKnownFileType = text.plist.xml; path = Info.plist; sourceTree = "<group>"; };
		3AF462C3256332F0003226E3 /* Weather.swift */ = {isa = PBXFileReference; lastKnownFileType = sourcecode.swift; path = Weather.swift; sourceTree = "<group>"; };
/* End PBXFileReference section */

/* Begin PBXFrameworksBuildPhase section */
		3AF462862563199D003226E3 /* Frameworks */ = {
			isa = PBXFrameworksBuildPhase;
			buildActionMask = 2147483647;
			files = (
			);
			runOnlyForDeploymentPostprocessing = 0;
		};
		3AF4629F2563199E003226E3 /* Frameworks */ = {
			isa = PBXFrameworksBuildPhase;
			buildActionMask = 2147483647;
			files = (
			);
			runOnlyForDeploymentPostprocessing = 0;
		};
		3AF462AA2563199E003226E3 /* Frameworks */ = {
			isa = PBXFrameworksBuildPhase;
			buildActionMask = 2147483647;
			files = (
			);
			runOnlyForDeploymentPostprocessing = 0;
		};
/* End PBXFrameworksBuildPhase section */

/* Begin PBXGroup section */
		3AF462802563199D003226E3 = {
			isa = PBXGroup;
			children = (
				3AF4628B2563199D003226E3 /* Mars-Mission */,
				3AF462A52563199E003226E3 /* Mars-MissionTests */,
				3AF462B02563199E003226E3 /* Mars-MissionUITests */,
				3AF4628A2563199D003226E3 /* Products */,
			);
			sourceTree = "<group>";
		};
		3AF4628A2563199D003226E3 /* Products */ = {
			isa = PBXGroup;
			children = (
				3AF462892563199D003226E3 /* Mars-Mission.app */,
				3AF462A22563199E003226E3 /* Mars-MissionTests.xctest */,
				3AF462AD2563199E003226E3 /* Mars-MissionUITests.xctest */,
			);
			name = Products;
			sourceTree = "<group>";
		};
		3AF4628B2563199D003226E3 /* Mars-Mission */ = {
			isa = PBXGroup;
			children = (
				3AF462C2256332D0003226E3 /* Models */,
				3AF4628C2563199D003226E3 /* AppDelegate.swift */,
				3AF4628E2563199D003226E3 /* SceneDelegate.swift */,
				3AF462902563199D003226E3 /* ViewController.swift */,
				3AF462922563199D003226E3 /* Main.storyboard */,
				3AF462982563199E003226E3 /* Assets.xcassets */,
				3AF4629A2563199E003226E3 /* LaunchScreen.storyboard */,
				3AF4629D2563199E003226E3 /* Info.plist */,
				3AF462952563199D003226E3 /* Mars_Mission.xcdatamodeld */,
			);
			path = "Mars-Mission";
			sourceTree = "<group>";
		};
		3AF462A52563199E003226E3 /* Mars-MissionTests */ = {
			isa = PBXGroup;
			children = (
				3AF462A62563199E003226E3 /* Mars_MissionTests.swift */,
				3AF462A82563199E003226E3 /* Info.plist */,
			);
			path = "Mars-MissionTests";
			sourceTree = "<group>";
		};
		3AF462B02563199E003226E3 /* Mars-MissionUITests */ = {
			isa = PBXGroup;
			children = (
				3AF462B12563199E003226E3 /* Mars_MissionUITests.swift */,
				3AF462B32563199E003226E3 /* Info.plist */,
			);
			path = "Mars-MissionUITests";
			sourceTree = "<group>";
		};
		3AF462C2256332D0003226E3 /* Models */ = {
			isa = PBXGroup;
			children = (
				3AF462C3256332F0003226E3 /* Weather.swift */,
			);
			path = Models;
			sourceTree = "<group>";
		};
/* End PBXGroup section */

/* Begin PBXNativeTarget section */
		3AF462882563199D003226E3 /* Mars-Mission */ = {
			isa = PBXNativeTarget;
			buildConfigurationList = 3AF462B62563199E003226E3 /* Build configuration list for PBXNativeTarget "Mars-Mission" */;
			buildPhases = (
				3AF462852563199D003226E3 /* Sources */,
				3AF462862563199D003226E3 /* Frameworks */,
				3AF462872563199D003226E3 /* Resources */,
			);
			buildRules = (
			);
			dependencies = (
			);
			name = "Mars-Mission";
			productName = "Mars-Mission";
			productReference = 3AF462892563199D003226E3 /* Mars-Mission.app */;
			productType = "com.apple.product-type.application";
		};
		3AF462A12563199E003226E3 /* Mars-MissionTests */ = {
			isa = PBXNativeTarget;
			buildConfigurationList = 3AF462B92563199E003226E3 /* Build configuration list for PBXNativeTarget "Mars-MissionTests" */;
			buildPhases = (
				3AF4629E2563199E003226E3 /* Sources */,
				3AF4629F2563199E003226E3 /* Frameworks */,
				3AF462A02563199E003226E3 /* Resources */,
			);
			buildRules = (
			);
			dependencies = (
				3AF462A42563199E003226E3 /* PBXTargetDependency */,
			);
			name = "Mars-MissionTests";
			productName = "Mars-MissionTests";
			productReference = 3AF462A22563199E003226E3 /* Mars-MissionTests.xctest */;
			productType = "com.apple.product-type.bundle.unit-test";
		};
		3AF462AC2563199E003226E3 /* Mars-MissionUITests */ = {
			isa = PBXNativeTarget;
			buildConfigurationList = 3AF462BC2563199E003226E3 /* Build configuration list for PBXNativeTarget "Mars-MissionUITests" */;
			buildPhases = (
				3AF462A92563199E003226E3 /* Sources */,
				3AF462AA2563199E003226E3 /* Frameworks */,
				3AF462AB2563199E003226E3 /* Resources */,
			);
			buildRules = (
			);
			dependencies = (
				3AF462AF2563199E003226E3 /* PBXTargetDependency */,
			);
			name = "Mars-MissionUITests";
			productName = "Mars-MissionUITests";
			productReference = 3AF462AD2563199E003226E3 /* Mars-MissionUITests.xctest */;
			productType = "com.apple.product-type.bundle.ui-testing";
		};
/* End PBXNativeTarget section */

/* Begin PBXProject section */
		3AF462812563199D003226E3 /* Project object */ = {
			isa = PBXProject;
			attributes = {
				LastSwiftUpdateCheck = 1220;
				LastUpgradeCheck = 1220;
				TargetAttributes = {
					3AF462882563199D003226E3 = {
						CreatedOnToolsVersion = 12.2;
					};
					3AF462A12563199E003226E3 = {
						CreatedOnToolsVersion = 12.2;
						TestTargetID = 3AF462882563199D003226E3;
					};
					3AF462AC2563199E003226E3 = {
						CreatedOnToolsVersion = 12.2;
						TestTargetID = 3AF462882563199D003226E3;
					};
				};
			};
			buildConfigurationList = 3AF462842563199D003226E3 /* Build configuration list for PBXProject "Mars-Mission" */;
			compatibilityVersion = "Xcode 9.3";
			developmentRegion = en;
			hasScannedForEncodings = 0;
			knownRegions = (
				en,
				Base,
			);
			mainGroup = 3AF462802563199D003226E3;
			productRefGroup = 3AF4628A2563199D003226E3 /* Products */;
			projectDirPath = "";
			projectRoot = "";
			targets = (
				3AF462882563199D003226E3 /* Mars-Mission */,
				3AF462A12563199E003226E3 /* Mars-MissionTests */,
				3AF462AC2563199E003226E3 /* Mars-MissionUITests */,
			);
		};
/* End PBXProject section */

/* Begin PBXResourcesBuildPhase section */
		3AF462872563199D003226E3 /* Resources */ = {
			isa = PBXResourcesBuildPhase;
			buildActionMask = 2147483647;
			files = (
				3AF4629C2563199E003226E3 /* LaunchScreen.storyboard in Resources */,
				3AF462992563199E003226E3 /* Assets.xcassets in Resources */,
				3AF462942563199D003226E3 /* Main.storyboard in Resources */,
			);
			runOnlyForDeploymentPostprocessing = 0;
		};
		3AF462A02563199E003226E3 /* Resources */ = {
			isa = PBXResourcesBuildPhase;
			buildActionMask = 2147483647;
			files = (
			);
			runOnlyForDeploymentPostprocessing = 0;
		};
		3AF462AB2563199E003226E3 /* Resources */ = {
			isa = PBXResourcesBuildPhase;
			buildActionMask = 2147483647;
			files = (
			);
			runOnlyForDeploymentPostprocessing = 0;
		};
/* End PBXResourcesBuildPhase section */

/* Begin PBXSourcesBuildPhase section */
		3AF462852563199D003226E3 /* Sources */ = {
			isa = PBXSourcesBuildPhase;
			buildActionMask = 2147483647;
			files = (
				3AF462912563199D003226E3 /* ViewController.swift in Sources */,
				3AF462972563199D003226E3 /* Mars_Mission.xcdatamodeld in Sources */,
				3AF4628D2563199D003226E3 /* AppDelegate.swift in Sources */,
				3AF4628F2563199D003226E3 /* SceneDelegate.swift in Sources */,
				3AF462C4256332F0003226E3 /* Weather.swift in Sources */,
			);
			runOnlyForDeploymentPostprocessing = 0;
		};
		3AF4629E2563199E003226E3 /* Sources */ = {
			isa = PBXSourcesBuildPhase;
			buildActionMask = 2147483647;
			files = (
				3AF462A72563199E003226E3 /* Mars_MissionTests.swift in Sources */,
			);
			runOnlyForDeploymentPostprocessing = 0;
		};
		3AF462A92563199E003226E3 /* Sources */ = {
			isa = PBXSourcesBuildPhase;
			buildActionMask = 2147483647;
			files = (
				3AF462B22563199E003226E3 /* Mars_MissionUITests.swift in Sources */,
			);
			runOnlyForDeploymentPostprocessing = 0;
		};
/* End PBXSourcesBuildPhase section */

/* Begin PBXTargetDependency section */
		3AF462A42563199E003226E3 /* PBXTargetDependency */ = {
			isa = PBXTargetDependency;
			target = 3AF462882563199D003226E3 /* Mars-Mission */;
			targetProxy = 3AF462A32563199E003226E3 /* PBXContainerItemProxy */;
		};
		3AF462AF2563199E003226E3 /* PBXTargetDependency */ = {
			isa = PBXTargetDependency;
			target = 3AF462882563199D003226E3 /* Mars-Mission */;
			targetProxy = 3AF462AE2563199E003226E3 /* PBXContainerItemProxy */;
		};
/* End PBXTargetDependency section */

/* Begin PBXVariantGroup section */
		3AF462922563199D003226E3 /* Main.storyboard */ = {
			isa = PBXVariantGroup;
			children = (
				3AF462932563199D003226E3 /* Base */,
			);
			name = Main.storyboard;
			sourceTree = "<group>";
		};
		3AF4629A2563199E003226E3 /* LaunchScreen.storyboard */ = {
			isa = PBXVariantGroup;
			children = (
				3AF4629B2563199E003226E3 /* Base */,
			);
			name = LaunchScreen.storyboard;
			sourceTree = "<group>";
		};
/* End PBXVariantGroup section */

/* Begin XCBuildConfiguration section */
		3AF462B42563199E003226E3 /* Debug */ = {
			isa = XCBuildConfiguration;
			buildSettings = {
				ALWAYS_SEARCH_USER_PATHS = NO;
				CLANG_ANALYZER_NONNULL = YES;
				CLANG_ANALYZER_NUMBER_OBJECT_CONVERSION = YES_AGGRESSIVE;
				CLANG_CXX_LANGUAGE_STANDARD = "gnu++14";
				CLANG_CXX_LIBRARY = "libc++";
				CLANG_ENABLE_MODULES = YES;
				CLANG_ENABLE_OBJC_ARC = YES;
				CLANG_ENABLE_OBJC_WEAK = YES;
				CLANG_WARN_BLOCK_CAPTURE_AUTORELEASING = YES;
				CLANG_WARN_BOOL_CONVERSION = YES;
				CLANG_WARN_COMMA = YES;
				CLANG_WARN_CONSTANT_CONVERSION = YES;
				CLANG_WARN_DEPRECATED_OBJC_IMPLEMENTATIONS = YES;
				CLANG_WARN_DIRECT_OBJC_ISA_USAGE = YES_ERROR;
				CLANG_WARN_DOCUMENTATION_COMMENTS = YES;
				CLANG_WARN_EMPTY_BODY = YES;
				CLANG_WARN_ENUM_CONVERSION = YES;
				CLANG_WARN_INFINITE_RECURSION = YES;
				CLANG_WARN_INT_CONVERSION = YES;
				CLANG_WARN_NON_LITERAL_NULL_CONVERSION = YES;
				CLANG_WARN_OBJC_IMPLICIT_RETAIN_SELF = YES;
				CLANG_WARN_OBJC_LITERAL_CONVERSION = YES;
				CLANG_WARN_OBJC_ROOT_CLASS = YES_ERROR;
				CLANG_WARN_QUOTED_INCLUDE_IN_FRAMEWORK_HEADER = YES;
				CLANG_WARN_RANGE_LOOP_ANALYSIS = YES;
				CLANG_WARN_STRICT_PROTOTYPES = YES;
				CLANG_WARN_SUSPICIOUS_MOVE = YES;
				CLANG_WARN_UNGUARDED_AVAILABILITY = YES_AGGRESSIVE;
				CLANG_WARN_UNREACHABLE_CODE = YES;
				CLANG_WARN__DUPLICATE_METHOD_MATCH = YES;
				COPY_PHASE_STRIP = NO;
				DEBUG_INFORMATION_FORMAT = dwarf;
				ENABLE_STRICT_OBJC_MSGSEND = YES;
				ENABLE_TESTABILITY = YES;
				GCC_C_LANGUAGE_STANDARD = gnu11;
				GCC_DYNAMIC_NO_PIC = NO;
				GCC_NO_COMMON_BLOCKS = YES;
				GCC_OPTIMIZATION_LEVEL = 0;
				GCC_PREPROCESSOR_DEFINITIONS = (
					"DEBUG=1",
					"$(inherited)",
				);
				GCC_WARN_64_TO_32_BIT_CONVERSION = YES;
				GCC_WARN_ABOUT_RETURN_TYPE = YES_ERROR;
				GCC_WARN_UNDECLARED_SELECTOR = YES;
				GCC_WARN_UNINITIALIZED_AUTOS = YES_AGGRESSIVE;
				GCC_WARN_UNUSED_FUNCTION = YES;
				GCC_WARN_UNUSED_VARIABLE = YES;
				IPHONEOS_DEPLOYMENT_TARGET = 14.2;
				MTL_ENABLE_DEBUG_INFO = INCLUDE_SOURCE;
				MTL_FAST_MATH = YES;
				ONLY_ACTIVE_ARCH = YES;
				SDKROOT = iphoneos;
				SWIFT_ACTIVE_COMPILATION_CONDITIONS = DEBUG;
				SWIFT_OPTIMIZATION_LEVEL = "-Onone";
			};
			name = Debug;
		};
		3AF462B52563199E003226E3 /* Release */ = {
			isa = XCBuildConfiguration;
			buildSettings = {
				ALWAYS_SEARCH_USER_PATHS = NO;
				CLANG_ANALYZER_NONNULL = YES;
				CLANG_ANALYZER_NUMBER_OBJECT_CONVERSION = YES_AGGRESSIVE;
				CLANG_CXX_LANGUAGE_STANDARD = "gnu++14";
				CLANG_CXX_LIBRARY = "libc++";
				CLANG_ENABLE_MODULES = YES;
				CLANG_ENABLE_OBJC_ARC = YES;
				CLANG_ENABLE_OBJC_WEAK = YES;
				CLANG_WARN_BLOCK_CAPTURE_AUTORELEASING = YES;
				CLANG_WARN_BOOL_CONVERSION = YES;
				CLANG_WARN_COMMA = YES;
				CLANG_WARN_CONSTANT_CONVERSION = YES;
				CLANG_WARN_DEPRECATED_OBJC_IMPLEMENTATIONS = YES;
				CLANG_WARN_DIRECT_OBJC_ISA_USAGE = YES_ERROR;
				CLANG_WARN_DOCUMENTATION_COMMENTS = YES;
				CLANG_WARN_EMPTY_BODY = YES;
				CLANG_WARN_ENUM_CONVERSION = YES;
				CLANG_WARN_INFINITE_RECURSION = YES;
				CLANG_WARN_INT_CONVERSION = YES;
				CLANG_WARN_NON_LITERAL_NULL_CONVERSION = YES;
				CLANG_WARN_OBJC_IMPLICIT_RETAIN_SELF = YES;
				CLANG_WARN_OBJC_LITERAL_CONVERSION = YES;
				CLANG_WARN_OBJC_ROOT_CLASS = YES_ERROR;
				CLANG_WARN_QUOTED_INCLUDE_IN_FRAMEWORK_HEADER = YES;
				CLANG_WARN_RANGE_LOOP_ANALYSIS = YES;
				CLANG_WARN_STRICT_PROTOTYPES = YES;
				CLANG_WARN_SUSPICIOUS_MOVE = YES;
				CLANG_WARN_UNGUARDED_AVAILABILITY = YES_AGGRESSIVE;
				CLANG_WARN_UNREACHABLE_CODE = YES;
				CLANG_WARN__DUPLICATE_METHOD_MATCH = YES;
				COPY_PHASE_STRIP = NO;
				DEBUG_INFORMATION_FORMAT = "dwarf-with-dsym";
				ENABLE_NS_ASSERTIONS = NO;
				ENABLE_STRICT_OBJC_MSGSEND = YES;
				GCC_C_LANGUAGE_STANDARD = gnu11;
				GCC_NO_COMMON_BLOCKS = YES;
				GCC_WARN_64_TO_32_BIT_CONVERSION = YES;
				GCC_WARN_ABOUT_RETURN_TYPE = YES_ERROR;
				GCC_WARN_UNDECLARED_SELECTOR = YES;
				GCC_WARN_UNINITIALIZED_AUTOS = YES_AGGRESSIVE;
				GCC_WARN_UNUSED_FUNCTION = YES;
				GCC_WARN_UNUSED_VARIABLE = YES;
				IPHONEOS_DEPLOYMENT_TARGET = 14.2;
				MTL_ENABLE_DEBUG_INFO = NO;
				MTL_FAST_MATH = YES;
				SDKROOT = iphoneos;
				SWIFT_COMPILATION_MODE = wholemodule;
				SWIFT_OPTIMIZATION_LEVEL = "-O";
				VALIDATE_PRODUCT = YES;
			};
			name = Release;
		};
		3AF462B72563199E003226E3 /* Debug */ = {
			isa = XCBuildConfiguration;
			buildSettings = {
				ASSETCATALOG_COMPILER_APPICON_NAME = AppIcon;
				ASSETCATALOG_COMPILER_GLOBAL_ACCENT_COLOR_NAME = AccentColor;
				CODE_SIGN_STYLE = Automatic;
				DEVELOPMENT_TEAM = 7C535NZYGP;
				INFOPLIST_FILE = "Mars-Mission/Info.plist";
				LD_RUNPATH_SEARCH_PATHS = (
					"$(inherited)",
					"@executable_path/Frameworks",
				);
				PRODUCT_BUNDLE_IDENTIFIER = "com.joshua.standardbank.Mars-Mission";
				PRODUCT_NAME = "$(TARGET_NAME)";
				SWIFT_VERSION = 5.0;
				TARGETED_DEVICE_FAMILY = "1,2";
			};
			name = Debug;
		};
		3AF462B82563199E003226E3 /* Release */ = {
			isa = XCBuildConfiguration;
			buildSettings = {
				ASSETCATALOG_COMPILER_APPICON_NAME = AppIcon;
				ASSETCATALOG_COMPILER_GLOBAL_ACCENT_COLOR_NAME = AccentColor;
				CODE_SIGN_STYLE = Automatic;
				DEVELOPMENT_TEAM = 7C535NZYGP;
				INFOPLIST_FILE = "Mars-Mission/Info.plist";
				LD_RUNPATH_SEARCH_PATHS = (
					"$(inherited)",
					"@executable_path/Frameworks",
				);
				PRODUCT_BUNDLE_IDENTIFIER = "com.joshua.standardbank.Mars-Mission";
				PRODUCT_NAME = "$(TARGET_NAME)";
				SWIFT_VERSION = 5.0;
				TARGETED_DEVICE_FAMILY = "1,2";
			};
			name = Release;
		};
		3AF462BA2563199E003226E3 /* Debug */ = {
			isa = XCBuildConfiguration;
			buildSettings = {
				ALWAYS_EMBED_SWIFT_STANDARD_LIBRARIES = YES;
				BUNDLE_LOADER = "$(TEST_HOST)";
				CODE_SIGN_STYLE = Automatic;
				DEVELOPMENT_TEAM = 7C535NZYGP;
				INFOPLIST_FILE = "Mars-MissionTests/Info.plist";
				IPHONEOS_DEPLOYMENT_TARGET = 14.2;
				LD_RUNPATH_SEARCH_PATHS = (
					"$(inherited)",
					"@executable_path/Frameworks",
					"@loader_path/Frameworks",
				);
				PRODUCT_BUNDLE_IDENTIFIER = "com.joshua.standardbank.Mars-MissionTests";
				PRODUCT_NAME = "$(TARGET_NAME)";
				SWIFT_VERSION = 5.0;
				TARGETED_DEVICE_FAMILY = "1,2";
				TEST_HOST = "$(BUILT_PRODUCTS_DIR)/Mars-Mission.app/Mars-Mission";
			};
			name = Debug;
		};
		3AF462BB2563199E003226E3 /* Release */ = {
			isa = XCBuildConfiguration;
			buildSettings = {
				ALWAYS_EMBED_SWIFT_STANDARD_LIBRARIES = YES;
				BUNDLE_LOADER = "$(TEST_HOST)";
				CODE_SIGN_STYLE = Automatic;
				DEVELOPMENT_TEAM = 7C535NZYGP;
				INFOPLIST_FILE = "Mars-MissionTests/Info.plist";
				IPHONEOS_DEPLOYMENT_TARGET = 14.2;
				LD_RUNPATH_SEARCH_PATHS = (
					"$(inherited)",
					"@executable_path/Frameworks",
					"@loader_path/Frameworks",
				);
				PRODUCT_BUNDLE_IDENTIFIER = "com.joshua.standardbank.Mars-MissionTests";
				PRODUCT_NAME = "$(TARGET_NAME)";
				SWIFT_VERSION = 5.0;
				TARGETED_DEVICE_FAMILY = "1,2";
				TEST_HOST = "$(BUILT_PRODUCTS_DIR)/Mars-Mission.app/Mars-Mission";
			};
			name = Release;
		};
		3AF462BD2563199E003226E3 /* Debug */ = {
			isa = XCBuildConfiguration;
			buildSettings = {
				ALWAYS_EMBED_SWIFT_STANDARD_LIBRARIES = YES;
				CODE_SIGN_STYLE = Automatic;
				DEVELOPMENT_TEAM = 7C535NZYGP;
				INFOPLIST_FILE = "Mars-MissionUITests/Info.plist";
				LD_RUNPATH_SEARCH_PATHS = (
					"$(inherited)",
					"@executable_path/Frameworks",
					"@loader_path/Frameworks",
				);
				PRODUCT_BUNDLE_IDENTIFIER = "com.joshua.standardbank.Mars-MissionUITests";
				PRODUCT_NAME = "$(TARGET_NAME)";
				SWIFT_VERSION = 5.0;
				TARGETED_DEVICE_FAMILY = "1,2";
				TEST_TARGET_NAME = "Mars-Mission";
			};
			name = Debug;
		};
		3AF462BE2563199E003226E3 /* Release */ = {
			isa = XCBuildConfiguration;
			buildSettings = {
				ALWAYS_EMBED_SWIFT_STANDARD_LIBRARIES = YES;
				CODE_SIGN_STYLE = Automatic;
				DEVELOPMENT_TEAM = 7C535NZYGP;
				INFOPLIST_FILE = "Mars-MissionUITests/Info.plist";
				LD_RUNPATH_SEARCH_PATHS = (
					"$(inherited)",
					"@executable_path/Frameworks",
					"@loader_path/Frameworks",
				);
				PRODUCT_BUNDLE_IDENTIFIER = "com.joshua.standardbank.Mars-MissionUITests";
				PRODUCT_NAME = "$(TARGET_NAME)";
				SWIFT_VERSION = 5.0;
				TARGETED_DEVICE_FAMILY = "1,2";
				TEST_TARGET_NAME = "Mars-Mission";
			};
			name = Release;
		};
/* End XCBuildConfiguration section */

/* Begin XCConfigurationList section */
		3AF462842563199D003226E3 /* Build configuration list for PBXProject "Mars-Mission" */ = {
			isa = XCConfigurationList;
			buildConfigurations = (
				3AF462B42563199E003226E3 /* Debug */,
				3AF462B52563199E003226E3 /* Release */,
			);
			defaultConfigurationIsVisible = 0;
			defaultConfigurationName = Release;
		};
		3AF462B62563199E003226E3 /* Build configuration list for PBXNativeTarget "Mars-Mission" */ = {
			isa = XCConfigurationList;
			buildConfigurations = (
				3AF462B72563199E003226E3 /* Debug */,
				3AF462B82563199E003226E3 /* Release */,
			);
			defaultConfigurationIsVisible = 0;
			defaultConfigurationName = Release;
		};
		3AF462B92563199E003226E3 /* Build configuration list for PBXNativeTarget "Mars-MissionTests" */ = {
			isa = XCConfigurationList;
			buildConfigurations = (
				3AF462BA2563199E003226E3 /* Debug */,
				3AF462BB2563199E003226E3 /* Release */,
			);
			defaultConfigurationIsVisible = 0;
			defaultConfigurationName = Release;
		};
		3AF462BC2563199E003226E3 /* Build configuration list for PBXNativeTarget "Mars-MissionUITests" */ = {
			isa = XCConfigurationList;
			buildConfigurations = (
				3AF462BD2563199E003226E3 /* Debug */,
				3AF462BE2563199E003226E3 /* Release */,
			);
			defaultConfigurationIsVisible = 0;
			defaultConfigurationName = Release;
		};
/* End XCConfigurationList section */

/* Begin XCVersionGroup section */
		3AF462952563199D003226E3 /* Mars_Mission.xcdatamodeld */ = {
			isa = XCVersionGroup;
			children = (
				3AF462962563199D003226E3 /* Mars_Mission.xcdatamodel */,
			);
			currentVersion = 3AF462962563199D003226E3 /* Mars_Mission.xcdatamodel */;
			path = Mars_Mission.xcdatamodeld;
			sourceTree = "<group>";
			versionGroupType = wrapper.xcdatamodel;
		};
/* End XCVersionGroup section */
	};
	rootObject = 3AF462812563199D003226E3 /* Project object */;
}
